// !$*UTF8*$!
{
	archiveVersion = 1;
	classes = {
	};
	objectVersion = 46;
	objects = {

/* Begin PBXBuildFile section */
		057D7367718CB44E54097479 /* Pods_OrderFood.framework in Frameworks */ = {isa = PBXBuildFile; fileRef = 1F757BEDC2925B660A2405CE /* Pods_OrderFood.framework */; settings = {ATTRIBUTES = (Required, ); }; };
		0E0E69D920B346C100D98723 /* OrderConfirmation.swift in Sources */ = {isa = PBXBuildFile; fileRef = 0E0E69D820B346C100D98723 /* OrderConfirmation.swift */; };
		0E0E69DB20B347B100D98723 /* CellOrder.swift in Sources */ = {isa = PBXBuildFile; fileRef = 0E0E69DA20B347B100D98723 /* CellOrder.swift */; };
		0E2B3E5420C3D6220087ECA6 /* SearchItem.swift in Sources */ = {isa = PBXBuildFile; fileRef = 0E2B3E5320C3D6220087ECA6 /* SearchItem.swift */; };
		0E311C65209D8FE1008F7DD1 /* CellItem.swift in Sources */ = {isa = PBXBuildFile; fileRef = 0E311C50209D8FE1008F7DD1 /* CellItem.swift */; };
		0E311C66209D8FE1008F7DD1 /* CellItem.xib in Resources */ = {isa = PBXBuildFile; fileRef = 0E311C51209D8FE1008F7DD1 /* CellItem.xib */; };
		0E311C67209D8FE1008F7DD1 /* FoodItem.png in Resources */ = {isa = PBXBuildFile; fileRef = 0E311C56209D8FE1008F7DD1 /* FoodItem.png */; };
		0E311C68209D8FE1008F7DD1 /* CategoryViewController.swift in Sources */ = {isa = PBXBuildFile; fileRef = 0E311C59209D8FE1008F7DD1 /* CategoryViewController.swift */; };
		0E311C69209D8FE1008F7DD1 /* UIView+constraints.swift in Sources */ = {isa = PBXBuildFile; fileRef = 0E311C5A209D8FE1008F7DD1 /* UIView+constraints.swift */; };
		0E311C6A209D8FE1008F7DD1 /* Home.swift in Sources */ = {isa = PBXBuildFile; fileRef = 0E311C5B209D8FE1008F7DD1 /* Home.swift */; };
		0E311C6B209D8FE1008F7DD1 /* LandingPage.swift in Sources */ = {isa = PBXBuildFile; fileRef = 0E311C5D209D8FE1008F7DD1 /* LandingPage.swift */; };
		0E311C6C209D8FE1008F7DD1 /* SuperViewController.swift in Sources */ = {isa = PBXBuildFile; fileRef = 0E311C5F209D8FE1008F7DD1 /* SuperViewController.swift */; };
		0E311C6D209D8FE1008F7DD1 /* AppUtils.swift in Sources */ = {isa = PBXBuildFile; fileRef = 0E311C63209D8FE1008F7DD1 /* AppUtils.swift */; };
		0E311C6E209D8FE1008F7DD1 /* Constants.swift in Sources */ = {isa = PBXBuildFile; fileRef = 0E311C64209D8FE1008F7DD1 /* Constants.swift */; };
		0E311C7B209DB15E008F7DD1 /* Roboto-Black.ttf in Resources */ = {isa = PBXBuildFile; fileRef = 0E311C6F209DB15E008F7DD1 /* Roboto-Black.ttf */; };
		0E311C7C209DB15E008F7DD1 /* Roboto-BlackItalic.ttf in Resources */ = {isa = PBXBuildFile; fileRef = 0E311C70209DB15E008F7DD1 /* Roboto-BlackItalic.ttf */; };
		0E311C7D209DB15E008F7DD1 /* Roboto-Bold.ttf in Resources */ = {isa = PBXBuildFile; fileRef = 0E311C71209DB15E008F7DD1 /* Roboto-Bold.ttf */; };
		0E311C7E209DB15E008F7DD1 /* Roboto-BoldItalic.ttf in Resources */ = {isa = PBXBuildFile; fileRef = 0E311C72209DB15E008F7DD1 /* Roboto-BoldItalic.ttf */; };
		0E311C7F209DB15E008F7DD1 /* Roboto-Italic.ttf in Resources */ = {isa = PBXBuildFile; fileRef = 0E311C73209DB15E008F7DD1 /* Roboto-Italic.ttf */; };
		0E311C80209DB15E008F7DD1 /* Roboto-Light.ttf in Resources */ = {isa = PBXBuildFile; fileRef = 0E311C74209DB15E008F7DD1 /* Roboto-Light.ttf */; };
		0E311C81209DB15E008F7DD1 /* Roboto-LightItalic.ttf in Resources */ = {isa = PBXBuildFile; fileRef = 0E311C75209DB15E008F7DD1 /* Roboto-LightItalic.ttf */; };
		0E311C82209DB15E008F7DD1 /* Roboto-Medium.ttf in Resources */ = {isa = PBXBuildFile; fileRef = 0E311C76209DB15E008F7DD1 /* Roboto-Medium.ttf */; };
		0E311C83209DB15E008F7DD1 /* Roboto-MediumItalic.ttf in Resources */ = {isa = PBXBuildFile; fileRef = 0E311C77209DB15E008F7DD1 /* Roboto-MediumItalic.ttf */; };
		0E311C84209DB15E008F7DD1 /* Roboto-Regular.ttf in Resources */ = {isa = PBXBuildFile; fileRef = 0E311C78209DB15E008F7DD1 /* Roboto-Regular.ttf */; };
		0E311C85209DB15E008F7DD1 /* Roboto-Thin.ttf in Resources */ = {isa = PBXBuildFile; fileRef = 0E311C79209DB15E008F7DD1 /* Roboto-Thin.ttf */; };
		0E311C86209DB15E008F7DD1 /* Roboto-ThinItalic.ttf in Resources */ = {isa = PBXBuildFile; fileRef = 0E311C7A209DB15E008F7DD1 /* Roboto-ThinItalic.ttf */; };
		0E311C8B209DBB74008F7DD1 /* VenueDetail.swift in Sources */ = {isa = PBXBuildFile; fileRef = 0E311C8A209DBB74008F7DD1 /* VenueDetail.swift */; };
		0E6B100C20ADF250007F3EFA /* Search.swift in Sources */ = {isa = PBXBuildFile; fileRef = 0E6B100B20ADF250007F3EFA /* Search.swift */; };
		0E735F3F20CBDC85006D2DC9 /* CardInformation.swift in Sources */ = {isa = PBXBuildFile; fileRef = 0E735F3E20CBDC84006D2DC9 /* CardInformation.swift */; };
		0ECA5FBE209CA7410034AE81 /* AppDelegate.swift in Sources */ = {isa = PBXBuildFile; fileRef = 0ECA5FBD209CA7410034AE81 /* AppDelegate.swift */; };
		0ECA5FC3209CA7410034AE81 /* Main.storyboard in Resources */ = {isa = PBXBuildFile; fileRef = 0ECA5FC1209CA7410034AE81 /* Main.storyboard */; };
		0ECA5FC5209CA7410034AE81 /* Assets.xcassets in Resources */ = {isa = PBXBuildFile; fileRef = 0ECA5FC4209CA7410034AE81 /* Assets.xcassets */; };
		0ECA5FC8209CA7410034AE81 /* LaunchScreen.storyboard in Resources */ = {isa = PBXBuildFile; fileRef = 0ECA5FC6209CA7410034AE81 /* LaunchScreen.storyboard */; };
		0ECA5FD3209CA7410034AE81 /* OrderFoodTests.swift in Sources */ = {isa = PBXBuildFile; fileRef = 0ECA5FD2209CA7410034AE81 /* OrderFoodTests.swift */; };
		0ECA5FDE209CA7410034AE81 /* OrderFoodUITests.swift in Sources */ = {isa = PBXBuildFile; fileRef = 0ECA5FDD209CA7410034AE81 /* OrderFoodUITests.swift */; };
		2A648DA020C13C300059E75B /* Cart.swift in Sources */ = {isa = PBXBuildFile; fileRef = 2A648D9F20C13C2F0059E75B /* Cart.swift */; };
		2A648DA220C15B430059E75B /* Item.swift in Sources */ = {isa = PBXBuildFile; fileRef = 2A648DA120C15B430059E75B /* Item.swift */; };
		2A9CB46020C00F4900B749AD /* MBProgressHUD.m in Sources */ = {isa = PBXBuildFile; fileRef = 2A9CB43220C00F4900B749AD /* MBProgressHUD.m */; };
		2A9CB46120C00F4900B749AD /* MKAnnotationView+WebCache.m in Sources */ = {isa = PBXBuildFile; fileRef = 2A9CB43520C00F4900B749AD /* MKAnnotationView+WebCache.m */; };
		2A9CB46220C00F4900B749AD /* NSData+ImageContentType.m in Sources */ = {isa = PBXBuildFile; fileRef = 2A9CB43720C00F4900B749AD /* NSData+ImageContentType.m */; };
		2A9CB46320C00F4900B749AD /* SDImageCache.m in Sources */ = {isa = PBXBuildFile; fileRef = 2A9CB43920C00F4900B749AD /* SDImageCache.m */; };
		2A9CB46420C00F4900B749AD /* SDWebImageCompat.m in Sources */ = {isa = PBXBuildFile; fileRef = 2A9CB43B20C00F4900B749AD /* SDWebImageCompat.m */; };
		2A9CB46520C00F4900B749AD /* SDWebImageDecoder.m in Sources */ = {isa = PBXBuildFile; fileRef = 2A9CB43D20C00F4900B749AD /* SDWebImageDecoder.m */; };
		2A9CB46620C00F4900B749AD /* SDWebImageDownloader.m in Sources */ = {isa = PBXBuildFile; fileRef = 2A9CB43F20C00F4900B749AD /* SDWebImageDownloader.m */; };
		2A9CB46720C00F4900B749AD /* SDWebImageDownloaderOperation.m in Sources */ = {isa = PBXBuildFile; fileRef = 2A9CB44120C00F4900B749AD /* SDWebImageDownloaderOperation.m */; };
		2A9CB46820C00F4900B749AD /* SDWebImageManager.m in Sources */ = {isa = PBXBuildFile; fileRef = 2A9CB44320C00F4900B749AD /* SDWebImageManager.m */; };
		2A9CB46920C00F4900B749AD /* SDWebImagePrefetcher.m in Sources */ = {isa = PBXBuildFile; fileRef = 2A9CB44620C00F4900B749AD /* SDWebImagePrefetcher.m */; };
		2A9CB46A20C00F4900B749AD /* UIButton+WebCache.m in Sources */ = {isa = PBXBuildFile; fileRef = 2A9CB44820C00F4900B749AD /* UIButton+WebCache.m */; };
		2A9CB46B20C00F4900B749AD /* UIImage+GIF.m in Sources */ = {isa = PBXBuildFile; fileRef = 2A9CB44A20C00F4900B749AD /* UIImage+GIF.m */; };
		2A9CB46C20C00F4900B749AD /* UIImage+MultiFormat.m in Sources */ = {isa = PBXBuildFile; fileRef = 2A9CB44C20C00F4900B749AD /* UIImage+MultiFormat.m */; };
		2A9CB46D20C00F4900B749AD /* UIImage+WebP.m in Sources */ = {isa = PBXBuildFile; fileRef = 2A9CB44E20C00F4900B749AD /* UIImage+WebP.m */; };
		2A9CB46E20C00F4900B749AD /* UIImageView+HighlightedWebCache.m in Sources */ = {isa = PBXBuildFile; fileRef = 2A9CB45020C00F4900B749AD /* UIImageView+HighlightedWebCache.m */; };
		2A9CB46F20C00F4900B749AD /* UIImageView+WebCache.m in Sources */ = {isa = PBXBuildFile; fileRef = 2A9CB45220C00F4900B749AD /* UIImageView+WebCache.m */; };
		2A9CB47020C00F4900B749AD /* UIView+WebCacheOperation.m in Sources */ = {isa = PBXBuildFile; fileRef = 2A9CB45420C00F4900B749AD /* UIView+WebCacheOperation.m */; };
		2A9CB47120C00F4900B749AD /* HeaderClass.swift in Sources */ = {isa = PBXBuildFile; fileRef = 2A9CB45720C00F4900B749AD /* HeaderClass.swift */; };
		2A9CB47220C00F4900B749AD /* WebSerivceManager.swift in Sources */ = {isa = PBXBuildFile; fileRef = 2A9CB45820C00F4900B749AD /* WebSerivceManager.swift */; };
		2A9CB47320C00F4900B749AD /* WebServiceReponse.swift in Sources */ = {isa = PBXBuildFile; fileRef = 2A9CB45920C00F4900B749AD /* WebServiceReponse.swift */; };
		2A9CB47620C00F4900B749AD /* CityModel.swift in Sources */ = {isa = PBXBuildFile; fileRef = 2A9CB45D20C00F4900B749AD /* CityModel.swift */; };
		2A9CB47820C00F4900B749AD /* Category.swift in Sources */ = {isa = PBXBuildFile; fileRef = 2A9CB45F20C00F4900B749AD /* Category.swift */; };
		2ABB1B2A20A16CB00097B596 /* FunAsia.jpg in Resources */ = {isa = PBXBuildFile; fileRef = 2ABB1B2920A16CB00097B596 /* FunAsia.jpg */; };
		2ABB1B2F20A172F10097B596 /* Checkout.swift in Sources */ = {isa = PBXBuildFile; fileRef = 2ABB1B2E20A172F10097B596 /* Checkout.swift */; };
		2ABB1B3420A174470097B596 /* MyCart.swift in Sources */ = {isa = PBXBuildFile; fileRef = 2ABB1B3320A174470097B596 /* MyCart.swift */; };
		2AC9CB0A20AC6537005AD6A9 /* CellMyCart.swift in Sources */ = {isa = PBXBuildFile; fileRef = 2AC9CB0920AC6537005AD6A9 /* CellMyCart.swift */; };
		643D2027C924032FDE32F317 /* Pods_OrderFoodUITests.framework in Frameworks */ = {isa = PBXBuildFile; fileRef = E48C80487B6966BA787AFFED /* Pods_OrderFoodUITests.framework */; };
		F5D11CB08D13932A37859BEA /* Pods_OrderFoodTests.framework in Frameworks */ = {isa = PBXBuildFile; fileRef = DEDFE6774D0BD07827899BC1 /* Pods_OrderFoodTests.framework */; };
/* End PBXBuildFile section */

/* Begin PBXContainerItemProxy section */
		0ECA5FCF209CA7410034AE81 /* PBXContainerItemProxy */ = {
			isa = PBXContainerItemProxy;
			containerPortal = 0ECA5FB2209CA7410034AE81 /* Project object */;
			proxyType = 1;
			remoteGlobalIDString = 0ECA5FB9209CA7410034AE81;
			remoteInfo = OrderFood;
		};
		0ECA5FDA209CA7410034AE81 /* PBXContainerItemProxy */ = {
			isa = PBXContainerItemProxy;
			containerPortal = 0ECA5FB2209CA7410034AE81 /* Project object */;
			proxyType = 1;
			remoteGlobalIDString = 0ECA5FB9209CA7410034AE81;
			remoteInfo = OrderFood;
		};
/* End PBXContainerItemProxy section */

/* Begin PBXFileReference section */
		0E0E69D820B346C100D98723 /* OrderConfirmation.swift */ = {isa = PBXFileReference; fileEncoding = 4; lastKnownFileType = sourcecode.swift; path = OrderConfirmation.swift; sourceTree = "<group>"; };
		0E0E69DA20B347B100D98723 /* CellOrder.swift */ = {isa = PBXFileReference; fileEncoding = 4; lastKnownFileType = sourcecode.swift; path = CellOrder.swift; sourceTree = "<group>"; };
		0E2B3E5320C3D6220087ECA6 /* SearchItem.swift */ = {isa = PBXFileReference; lastKnownFileType = sourcecode.swift; path = SearchItem.swift; sourceTree = "<group>"; };
		0E311C50209D8FE1008F7DD1 /* CellItem.swift */ = {isa = PBXFileReference; fileEncoding = 4; lastKnownFileType = sourcecode.swift; path = CellItem.swift; sourceTree = "<group>"; };
		0E311C51209D8FE1008F7DD1 /* CellItem.xib */ = {isa = PBXFileReference; fileEncoding = 4; lastKnownFileType = file.xib; path = CellItem.xib; sourceTree = "<group>"; };
		0E311C56209D8FE1008F7DD1 /* FoodItem.png */ = {isa = PBXFileReference; lastKnownFileType = image.png; path = FoodItem.png; sourceTree = "<group>"; };
		0E311C59209D8FE1008F7DD1 /* CategoryViewController.swift */ = {isa = PBXFileReference; fileEncoding = 4; lastKnownFileType = sourcecode.swift; path = CategoryViewController.swift; sourceTree = "<group>"; };
		0E311C5A209D8FE1008F7DD1 /* UIView+constraints.swift */ = {isa = PBXFileReference; fileEncoding = 4; lastKnownFileType = sourcecode.swift; path = "UIView+constraints.swift"; sourceTree = "<group>"; };
		0E311C5B209D8FE1008F7DD1 /* Home.swift */ = {isa = PBXFileReference; fileEncoding = 4; lastKnownFileType = sourcecode.swift; path = Home.swift; sourceTree = "<group>"; };
		0E311C5D209D8FE1008F7DD1 /* LandingPage.swift */ = {isa = PBXFileReference; fileEncoding = 4; lastKnownFileType = sourcecode.swift; path = LandingPage.swift; sourceTree = "<group>"; };
		0E311C5F209D8FE1008F7DD1 /* SuperViewController.swift */ = {isa = PBXFileReference; fileEncoding = 4; lastKnownFileType = sourcecode.swift; path = SuperViewController.swift; sourceTree = "<group>"; };
		0E311C63209D8FE1008F7DD1 /* AppUtils.swift */ = {isa = PBXFileReference; fileEncoding = 4; lastKnownFileType = sourcecode.swift; path = AppUtils.swift; sourceTree = "<group>"; };
		0E311C64209D8FE1008F7DD1 /* Constants.swift */ = {isa = PBXFileReference; fileEncoding = 4; lastKnownFileType = sourcecode.swift; path = Constants.swift; sourceTree = "<group>"; };
		0E311C6F209DB15E008F7DD1 /* Roboto-Black.ttf */ = {isa = PBXFileReference; lastKnownFileType = file; path = "Roboto-Black.ttf"; sourceTree = "<group>"; };
		0E311C70209DB15E008F7DD1 /* Roboto-BlackItalic.ttf */ = {isa = PBXFileReference; lastKnownFileType = file; path = "Roboto-BlackItalic.ttf"; sourceTree = "<group>"; };
		0E311C71209DB15E008F7DD1 /* Roboto-Bold.ttf */ = {isa = PBXFileReference; lastKnownFileType = file; path = "Roboto-Bold.ttf"; sourceTree = "<group>"; };
		0E311C72209DB15E008F7DD1 /* Roboto-BoldItalic.ttf */ = {isa = PBXFileReference; lastKnownFileType = file; path = "Roboto-BoldItalic.ttf"; sourceTree = "<group>"; };
		0E311C73209DB15E008F7DD1 /* Roboto-Italic.ttf */ = {isa = PBXFileReference; lastKnownFileType = file; path = "Roboto-Italic.ttf"; sourceTree = "<group>"; };
		0E311C74209DB15E008F7DD1 /* Roboto-Light.ttf */ = {isa = PBXFileReference; lastKnownFileType = file; path = "Roboto-Light.ttf"; sourceTree = "<group>"; };
		0E311C75209DB15E008F7DD1 /* Roboto-LightItalic.ttf */ = {isa = PBXFileReference; lastKnownFileType = file; path = "Roboto-LightItalic.ttf"; sourceTree = "<group>"; };
		0E311C76209DB15E008F7DD1 /* Roboto-Medium.ttf */ = {isa = PBXFileReference; lastKnownFileType = file; path = "Roboto-Medium.ttf"; sourceTree = "<group>"; };
		0E311C77209DB15E008F7DD1 /* Roboto-MediumItalic.ttf */ = {isa = PBXFileReference; lastKnownFileType = file; path = "Roboto-MediumItalic.ttf"; sourceTree = "<group>"; };
		0E311C78209DB15E008F7DD1 /* Roboto-Regular.ttf */ = {isa = PBXFileReference; lastKnownFileType = file; path = "Roboto-Regular.ttf"; sourceTree = "<group>"; };
		0E311C79209DB15E008F7DD1 /* Roboto-Thin.ttf */ = {isa = PBXFileReference; lastKnownFileType = file; path = "Roboto-Thin.ttf"; sourceTree = "<group>"; };
		0E311C7A209DB15E008F7DD1 /* Roboto-ThinItalic.ttf */ = {isa = PBXFileReference; lastKnownFileType = file; path = "Roboto-ThinItalic.ttf"; sourceTree = "<group>"; };
		0E311C8A209DBB74008F7DD1 /* VenueDetail.swift */ = {isa = PBXFileReference; fileEncoding = 4; lastKnownFileType = sourcecode.swift; path = VenueDetail.swift; sourceTree = "<group>"; };
		0E6B100B20ADF250007F3EFA /* Search.swift */ = {isa = PBXFileReference; fileEncoding = 4; lastKnownFileType = sourcecode.swift; path = Search.swift; sourceTree = "<group>"; };
		0E735F3E20CBDC84006D2DC9 /* CardInformation.swift */ = {isa = PBXFileReference; fileEncoding = 4; lastKnownFileType = sourcecode.swift; path = CardInformation.swift; sourceTree = "<group>"; };
		0ECA5FBA209CA7410034AE81 /* OrderFood.app */ = {isa = PBXFileReference; explicitFileType = wrapper.application; includeInIndex = 0; path = OrderFood.app; sourceTree = BUILT_PRODUCTS_DIR; };
		0ECA5FBD209CA7410034AE81 /* AppDelegate.swift */ = {isa = PBXFileReference; lastKnownFileType = sourcecode.swift; path = AppDelegate.swift; sourceTree = "<group>"; };
		0ECA5FC2209CA7410034AE81 /* Base */ = {isa = PBXFileReference; lastKnownFileType = file.storyboard; name = Base; path = Base.lproj/Main.storyboard; sourceTree = "<group>"; };
		0ECA5FC4209CA7410034AE81 /* Assets.xcassets */ = {isa = PBXFileReference; lastKnownFileType = folder.assetcatalog; path = Assets.xcassets; sourceTree = "<group>"; };
		0ECA5FC7209CA7410034AE81 /* Base */ = {isa = PBXFileReference; lastKnownFileType = file.storyboard; name = Base; path = Base.lproj/LaunchScreen.storyboard; sourceTree = "<group>"; };
		0ECA5FC9209CA7410034AE81 /* Info.plist */ = {isa = PBXFileReference; lastKnownFileType = text.plist.xml; path = Info.plist; sourceTree = "<group>"; };
		0ECA5FCE209CA7410034AE81 /* OrderFoodTests.xctest */ = {isa = PBXFileReference; explicitFileType = wrapper.cfbundle; includeInIndex = 0; path = OrderFoodTests.xctest; sourceTree = BUILT_PRODUCTS_DIR; };
		0ECA5FD2209CA7410034AE81 /* OrderFoodTests.swift */ = {isa = PBXFileReference; lastKnownFileType = sourcecode.swift; path = OrderFoodTests.swift; sourceTree = "<group>"; };
		0ECA5FD4209CA7410034AE81 /* Info.plist */ = {isa = PBXFileReference; lastKnownFileType = text.plist.xml; path = Info.plist; sourceTree = "<group>"; };
		0ECA5FD9209CA7410034AE81 /* OrderFoodUITests.xctest */ = {isa = PBXFileReference; explicitFileType = wrapper.cfbundle; includeInIndex = 0; path = OrderFoodUITests.xctest; sourceTree = BUILT_PRODUCTS_DIR; };
		0ECA5FDD209CA7410034AE81 /* OrderFoodUITests.swift */ = {isa = PBXFileReference; lastKnownFileType = sourcecode.swift; path = OrderFoodUITests.swift; sourceTree = "<group>"; };
		0ECA5FDF209CA7410034AE81 /* Info.plist */ = {isa = PBXFileReference; lastKnownFileType = text.plist.xml; path = Info.plist; sourceTree = "<group>"; };
		1F757BEDC2925B660A2405CE /* Pods_OrderFood.framework */ = {isa = PBXFileReference; explicitFileType = wrapper.framework; includeInIndex = 0; path = Pods_OrderFood.framework; sourceTree = BUILT_PRODUCTS_DIR; };
		2A648D9F20C13C2F0059E75B /* Cart.swift */ = {isa = PBXFileReference; fileEncoding = 4; lastKnownFileType = sourcecode.swift; path = Cart.swift; sourceTree = "<group>"; };
		2A648DA120C15B430059E75B /* Item.swift */ = {isa = PBXFileReference; lastKnownFileType = sourcecode.swift; path = Item.swift; sourceTree = "<group>"; };
		2A9CB43120C00F4900B749AD /* MBProgressHUD.h */ = {isa = PBXFileReference; fileEncoding = 4; lastKnownFileType = sourcecode.c.h; path = MBProgressHUD.h; sourceTree = "<group>"; };
		2A9CB43220C00F4900B749AD /* MBProgressHUD.m */ = {isa = PBXFileReference; fileEncoding = 4; lastKnownFileType = sourcecode.c.objc; path = MBProgressHUD.m; sourceTree = "<group>"; };
		2A9CB43420C00F4900B749AD /* MKAnnotationView+WebCache.h */ = {isa = PBXFileReference; fileEncoding = 4; lastKnownFileType = sourcecode.c.h; path = "MKAnnotationView+WebCache.h"; sourceTree = "<group>"; };
		2A9CB43520C00F4900B749AD /* MKAnnotationView+WebCache.m */ = {isa = PBXFileReference; fileEncoding = 4; lastKnownFileType = sourcecode.c.objc; path = "MKAnnotationView+WebCache.m"; sourceTree = "<group>"; };
		2A9CB43620C00F4900B749AD /* NSData+ImageContentType.h */ = {isa = PBXFileReference; fileEncoding = 4; lastKnownFileType = sourcecode.c.h; path = "NSData+ImageContentType.h"; sourceTree = "<group>"; };
		2A9CB43720C00F4900B749AD /* NSData+ImageContentType.m */ = {isa = PBXFileReference; fileEncoding = 4; lastKnownFileType = sourcecode.c.objc; path = "NSData+ImageContentType.m"; sourceTree = "<group>"; };
		2A9CB43820C00F4900B749AD /* SDImageCache.h */ = {isa = PBXFileReference; fileEncoding = 4; lastKnownFileType = sourcecode.c.h; path = SDImageCache.h; sourceTree = "<group>"; };
		2A9CB43920C00F4900B749AD /* SDImageCache.m */ = {isa = PBXFileReference; fileEncoding = 4; lastKnownFileType = sourcecode.c.objc; path = SDImageCache.m; sourceTree = "<group>"; };
		2A9CB43A20C00F4900B749AD /* SDWebImageCompat.h */ = {isa = PBXFileReference; fileEncoding = 4; lastKnownFileType = sourcecode.c.h; path = SDWebImageCompat.h; sourceTree = "<group>"; };
		2A9CB43B20C00F4900B749AD /* SDWebImageCompat.m */ = {isa = PBXFileReference; fileEncoding = 4; lastKnownFileType = sourcecode.c.objc; path = SDWebImageCompat.m; sourceTree = "<group>"; };
		2A9CB43C20C00F4900B749AD /* SDWebImageDecoder.h */ = {isa = PBXFileReference; fileEncoding = 4; lastKnownFileType = sourcecode.c.h; path = SDWebImageDecoder.h; sourceTree = "<group>"; };
		2A9CB43D20C00F4900B749AD /* SDWebImageDecoder.m */ = {isa = PBXFileReference; fileEncoding = 4; lastKnownFileType = sourcecode.c.objc; path = SDWebImageDecoder.m; sourceTree = "<group>"; };
		2A9CB43E20C00F4900B749AD /* SDWebImageDownloader.h */ = {isa = PBXFileReference; fileEncoding = 4; lastKnownFileType = sourcecode.c.h; path = SDWebImageDownloader.h; sourceTree = "<group>"; };
		2A9CB43F20C00F4900B749AD /* SDWebImageDownloader.m */ = {isa = PBXFileReference; fileEncoding = 4; lastKnownFileType = sourcecode.c.objc; path = SDWebImageDownloader.m; sourceTree = "<group>"; };
		2A9CB44020C00F4900B749AD /* SDWebImageDownloaderOperation.h */ = {isa = PBXFileReference; fileEncoding = 4; lastKnownFileType = sourcecode.c.h; path = SDWebImageDownloaderOperation.h; sourceTree = "<group>"; };
		2A9CB44120C00F4900B749AD /* SDWebImageDownloaderOperation.m */ = {isa = PBXFileReference; fileEncoding = 4; lastKnownFileType = sourcecode.c.objc; path = SDWebImageDownloaderOperation.m; sourceTree = "<group>"; };
		2A9CB44220C00F4900B749AD /* SDWebImageManager.h */ = {isa = PBXFileReference; fileEncoding = 4; lastKnownFileType = sourcecode.c.h; path = SDWebImageManager.h; sourceTree = "<group>"; };
		2A9CB44320C00F4900B749AD /* SDWebImageManager.m */ = {isa = PBXFileReference; fileEncoding = 4; lastKnownFileType = sourcecode.c.objc; path = SDWebImageManager.m; sourceTree = "<group>"; };
		2A9CB44420C00F4900B749AD /* SDWebImageOperation.h */ = {isa = PBXFileReference; fileEncoding = 4; lastKnownFileType = sourcecode.c.h; path = SDWebImageOperation.h; sourceTree = "<group>"; };
		2A9CB44520C00F4900B749AD /* SDWebImagePrefetcher.h */ = {isa = PBXFileReference; fileEncoding = 4; lastKnownFileType = sourcecode.c.h; path = SDWebImagePrefetcher.h; sourceTree = "<group>"; };
		2A9CB44620C00F4900B749AD /* SDWebImagePrefetcher.m */ = {isa = PBXFileReference; fileEncoding = 4; lastKnownFileType = sourcecode.c.objc; path = SDWebImagePrefetcher.m; sourceTree = "<group>"; };
		2A9CB44720C00F4900B749AD /* UIButton+WebCache.h */ = {isa = PBXFileReference; fileEncoding = 4; lastKnownFileType = sourcecode.c.h; path = "UIButton+WebCache.h"; sourceTree = "<group>"; };
		2A9CB44820C00F4900B749AD /* UIButton+WebCache.m */ = {isa = PBXFileReference; fileEncoding = 4; lastKnownFileType = sourcecode.c.objc; path = "UIButton+WebCache.m"; sourceTree = "<group>"; };
		2A9CB44920C00F4900B749AD /* UIImage+GIF.h */ = {isa = PBXFileReference; fileEncoding = 4; lastKnownFileType = sourcecode.c.h; path = "UIImage+GIF.h"; sourceTree = "<group>"; };
		2A9CB44A20C00F4900B749AD /* UIImage+GIF.m */ = {isa = PBXFileReference; fileEncoding = 4; lastKnownFileType = sourcecode.c.objc; path = "UIImage+GIF.m"; sourceTree = "<group>"; };
		2A9CB44B20C00F4900B749AD /* UIImage+MultiFormat.h */ = {isa = PBXFileReference; fileEncoding = 4; lastKnownFileType = sourcecode.c.h; path = "UIImage+MultiFormat.h"; sourceTree = "<group>"; };
		2A9CB44C20C00F4900B749AD /* UIImage+MultiFormat.m */ = {isa = PBXFileReference; fileEncoding = 4; lastKnownFileType = sourcecode.c.objc; path = "UIImage+MultiFormat.m"; sourceTree = "<group>"; };
		2A9CB44D20C00F4900B749AD /* UIImage+WebP.h */ = {isa = PBXFileReference; fileEncoding = 4; lastKnownFileType = sourcecode.c.h; path = "UIImage+WebP.h"; sourceTree = "<group>"; };
		2A9CB44E20C00F4900B749AD /* UIImage+WebP.m */ = {isa = PBXFileReference; fileEncoding = 4; lastKnownFileType = sourcecode.c.objc; path = "UIImage+WebP.m"; sourceTree = "<group>"; };
		2A9CB44F20C00F4900B749AD /* UIImageView+HighlightedWebCache.h */ = {isa = PBXFileReference; fileEncoding = 4; lastKnownFileType = sourcecode.c.h; path = "UIImageView+HighlightedWebCache.h"; sourceTree = "<group>"; };
		2A9CB45020C00F4900B749AD /* UIImageView+HighlightedWebCache.m */ = {isa = PBXFileReference; fileEncoding = 4; lastKnownFileType = sourcecode.c.objc; path = "UIImageView+HighlightedWebCache.m"; sourceTree = "<group>"; };
		2A9CB45120C00F4900B749AD /* UIImageView+WebCache.h */ = {isa = PBXFileReference; fileEncoding = 4; lastKnownFileType = sourcecode.c.h; path = "UIImageView+WebCache.h"; sourceTree = "<group>"; };
		2A9CB45220C00F4900B749AD /* UIImageView+WebCache.m */ = {isa = PBXFileReference; fileEncoding = 4; lastKnownFileType = sourcecode.c.objc; path = "UIImageView+WebCache.m"; sourceTree = "<group>"; };
		2A9CB45320C00F4900B749AD /* UIView+WebCacheOperation.h */ = {isa = PBXFileReference; fileEncoding = 4; lastKnownFileType = sourcecode.c.h; path = "UIView+WebCacheOperation.h"; sourceTree = "<group>"; };
		2A9CB45420C00F4900B749AD /* UIView+WebCacheOperation.m */ = {isa = PBXFileReference; fileEncoding = 4; lastKnownFileType = sourcecode.c.objc; path = "UIView+WebCacheOperation.m"; sourceTree = "<group>"; };
		2A9CB45720C00F4900B749AD /* HeaderClass.swift */ = {isa = PBXFileReference; fileEncoding = 4; lastKnownFileType = sourcecode.swift; path = HeaderClass.swift; sourceTree = "<group>"; };
		2A9CB45820C00F4900B749AD /* WebSerivceManager.swift */ = {isa = PBXFileReference; fileEncoding = 4; lastKnownFileType = sourcecode.swift; path = WebSerivceManager.swift; sourceTree = "<group>"; };
		2A9CB45920C00F4900B749AD /* WebServiceReponse.swift */ = {isa = PBXFileReference; fileEncoding = 4; lastKnownFileType = sourcecode.swift; path = WebServiceReponse.swift; sourceTree = "<group>"; };
		2A9CB45D20C00F4900B749AD /* CityModel.swift */ = {isa = PBXFileReference; fileEncoding = 4; lastKnownFileType = sourcecode.swift; path = CityModel.swift; sourceTree = "<group>"; };
		2A9CB45F20C00F4900B749AD /* Category.swift */ = {isa = PBXFileReference; fileEncoding = 4; lastKnownFileType = sourcecode.swift; path = Category.swift; sourceTree = "<group>"; };
		2A9CB47920C00FAA00B749AD /* OrderFood_Bridging_Header.h */ = {isa = PBXFileReference; lastKnownFileType = sourcecode.c.h; path = OrderFood_Bridging_Header.h; sourceTree = "<group>"; };
		2ABB1B2920A16CB00097B596 /* FunAsia.jpg */ = {isa = PBXFileReference; lastKnownFileType = image.jpeg; path = FunAsia.jpg; sourceTree = "<group>"; };
		2ABB1B2E20A172F10097B596 /* Checkout.swift */ = {isa = PBXFileReference; fileEncoding = 4; lastKnownFileType = sourcecode.swift; path = Checkout.swift; sourceTree = "<group>"; };
		2ABB1B3320A174470097B596 /* MyCart.swift */ = {isa = PBXFileReference; fileEncoding = 4; lastKnownFileType = sourcecode.swift; path = MyCart.swift; sourceTree = "<group>"; };
		2AC9CB0920AC6537005AD6A9 /* CellMyCart.swift */ = {isa = PBXFileReference; lastKnownFileType = sourcecode.swift; path = CellMyCart.swift; sourceTree = "<group>"; };
		5D42B0994F70F8D9683B34EB /* Pods-OrderFoodTests.release.xcconfig */ = {isa = PBXFileReference; includeInIndex = 1; lastKnownFileType = text.xcconfig; name = "Pods-OrderFoodTests.release.xcconfig"; path = "Pods/Target Support Files/Pods-OrderFoodTests/Pods-OrderFoodTests.release.xcconfig"; sourceTree = "<group>"; };
		984C93AE2F70E9350803795A /* Pods-OrderFoodTests.debug.xcconfig */ = {isa = PBXFileReference; includeInIndex = 1; lastKnownFileType = text.xcconfig; name = "Pods-OrderFoodTests.debug.xcconfig"; path = "Pods/Target Support Files/Pods-OrderFoodTests/Pods-OrderFoodTests.debug.xcconfig"; sourceTree = "<group>"; };
		A4E40B2690D58829964133C3 /* Pods-OrderFoodUITests.debug.xcconfig */ = {isa = PBXFileReference; includeInIndex = 1; lastKnownFileType = text.xcconfig; name = "Pods-OrderFoodUITests.debug.xcconfig"; path = "Pods/Target Support Files/Pods-OrderFoodUITests/Pods-OrderFoodUITests.debug.xcconfig"; sourceTree = "<group>"; };
		D457E9DFF1758DDAAAAC158F /* Pods-OrderFoodUITests.release.xcconfig */ = {isa = PBXFileReference; includeInIndex = 1; lastKnownFileType = text.xcconfig; name = "Pods-OrderFoodUITests.release.xcconfig"; path = "Pods/Target Support Files/Pods-OrderFoodUITests/Pods-OrderFoodUITests.release.xcconfig"; sourceTree = "<group>"; };
		DEDFE6774D0BD07827899BC1 /* Pods_OrderFoodTests.framework */ = {isa = PBXFileReference; explicitFileType = wrapper.framework; includeInIndex = 0; path = Pods_OrderFoodTests.framework; sourceTree = BUILT_PRODUCTS_DIR; };
		E48C80487B6966BA787AFFED /* Pods_OrderFoodUITests.framework */ = {isa = PBXFileReference; explicitFileType = wrapper.framework; includeInIndex = 0; path = Pods_OrderFoodUITests.framework; sourceTree = BUILT_PRODUCTS_DIR; };
		EC2906ADEAC089CB47FF1A0C /* Pods-OrderFood.debug.xcconfig */ = {isa = PBXFileReference; includeInIndex = 1; lastKnownFileType = text.xcconfig; name = "Pods-OrderFood.debug.xcconfig"; path = "Pods/Target Support Files/Pods-OrderFood/Pods-OrderFood.debug.xcconfig"; sourceTree = "<group>"; };
		FBEBD74F8E32EC6B68EC7FF9 /* Pods-OrderFood.release.xcconfig */ = {isa = PBXFileReference; includeInIndex = 1; lastKnownFileType = text.xcconfig; name = "Pods-OrderFood.release.xcconfig"; path = "Pods/Target Support Files/Pods-OrderFood/Pods-OrderFood.release.xcconfig"; sourceTree = "<group>"; };
/* End PBXFileReference section */

/* Begin PBXFrameworksBuildPhase section */
		0ECA5FB7209CA7410034AE81 /* Frameworks */ = {
			isa = PBXFrameworksBuildPhase;
			buildActionMask = 2147483647;
			files = (
				057D7367718CB44E54097479 /* Pods_OrderFood.framework in Frameworks */,
			);
			runOnlyForDeploymentPostprocessing = 0;
		};
		0ECA5FCB209CA7410034AE81 /* Frameworks */ = {
			isa = PBXFrameworksBuildPhase;
			buildActionMask = 2147483647;
			files = (
				F5D11CB08D13932A37859BEA /* Pods_OrderFoodTests.framework in Frameworks */,
			);
			runOnlyForDeploymentPostprocessing = 0;
		};
		0ECA5FD6209CA7410034AE81 /* Frameworks */ = {
			isa = PBXFrameworksBuildPhase;
			buildActionMask = 2147483647;
			files = (
				643D2027C924032FDE32F317 /* Pods_OrderFoodUITests.framework in Frameworks */,
			);
			runOnlyForDeploymentPostprocessing = 0;
		};
/* End PBXFrameworksBuildPhase section */

/* Begin PBXGroup section */
		0E0E69D720B346C100D98723 /* OrderConfirmation */ = {
			isa = PBXGroup;
			children = (
				0E0E69D820B346C100D98723 /* OrderConfirmation.swift */,
				0E0E69DA20B347B100D98723 /* CellOrder.swift */,
			);
			path = OrderConfirmation;
			sourceTree = "<group>";
		};
		0E311C4F209D8FE1008F7DD1 /* CustomClasses */ = {
			isa = PBXGroup;
			children = (
				0E311C50209D8FE1008F7DD1 /* CellItem.swift */,
				0E311C51209D8FE1008F7DD1 /* CellItem.xib */,
			);
			path = CustomClasses;
			sourceTree = "<group>";
		};
		0E311C52209D8FE1008F7DD1 /* AppResources */ = {
			isa = PBXGroup;
			children = (
				2AC9CB0820AC5EFC005AD6A9 /* Document */,
				0E311C54209D8FE1008F7DD1 /* Fonts */,
				0E311C55209D8FE1008F7DD1 /* Media */,
			);
			path = AppResources;
			sourceTree = "<group>";
		};
		0E311C54209D8FE1008F7DD1 /* Fonts */ = {
			isa = PBXGroup;
			children = (
				0E311C6F209DB15E008F7DD1 /* Roboto-Black.ttf */,
				0E311C70209DB15E008F7DD1 /* Roboto-BlackItalic.ttf */,
				0E311C71209DB15E008F7DD1 /* Roboto-Bold.ttf */,
				0E311C72209DB15E008F7DD1 /* Roboto-BoldItalic.ttf */,
				0E311C73209DB15E008F7DD1 /* Roboto-Italic.ttf */,
				0E311C74209DB15E008F7DD1 /* Roboto-Light.ttf */,
				0E311C75209DB15E008F7DD1 /* Roboto-LightItalic.ttf */,
				0E311C76209DB15E008F7DD1 /* Roboto-Medium.ttf */,
				0E311C77209DB15E008F7DD1 /* Roboto-MediumItalic.ttf */,
				0E311C78209DB15E008F7DD1 /* Roboto-Regular.ttf */,
				0E311C79209DB15E008F7DD1 /* Roboto-Thin.ttf */,
				0E311C7A209DB15E008F7DD1 /* Roboto-ThinItalic.ttf */,
			);
			path = Fonts;
			sourceTree = "<group>";
		};
		0E311C55209D8FE1008F7DD1 /* Media */ = {
			isa = PBXGroup;
			children = (
				0E311C56209D8FE1008F7DD1 /* FoodItem.png */,
				2ABB1B2920A16CB00097B596 /* FunAsia.jpg */,
			);
			path = Media;
			sourceTree = "<group>";
		};
		0E311C57209D8FE1008F7DD1 /* ViewController */ = {
			isa = PBXGroup;
			children = (
				0E735F3D20CBDC84006D2DC9 /* CardInformation */,
				0E0E69D720B346C100D98723 /* OrderConfirmation */,
				0E6B100A20ADF250007F3EFA /* Search */,
				2ABB1B2D20A172F10097B596 /* Checkout */,
				2ABB1B3220A174470097B596 /* MyCart */,
				0E311C58209D8FE1008F7DD1 /* CategoryItems */,
				0E311C89209DBB65008F7DD1 /* VenueDetail */,
				0E311C5C209D8FE1008F7DD1 /* LandingPage */,
				0E311C5E209D8FE1008F7DD1 /* SuperViewController */,
			);
			path = ViewController;
			sourceTree = "<group>";
		};
		0E311C58209D8FE1008F7DD1 /* CategoryItems */ = {
			isa = PBXGroup;
			children = (
				0E311C59209D8FE1008F7DD1 /* CategoryViewController.swift */,
				0E311C5A209D8FE1008F7DD1 /* UIView+constraints.swift */,
				0E311C5B209D8FE1008F7DD1 /* Home.swift */,
			);
			path = CategoryItems;
			sourceTree = "<group>";
		};
		0E311C5C209D8FE1008F7DD1 /* LandingPage */ = {
			isa = PBXGroup;
			children = (
				0E311C5D209D8FE1008F7DD1 /* LandingPage.swift */,
			);
			path = LandingPage;
			sourceTree = "<group>";
		};
		0E311C5E209D8FE1008F7DD1 /* SuperViewController */ = {
			isa = PBXGroup;
			children = (
				0E311C5F209D8FE1008F7DD1 /* SuperViewController.swift */,
			);
			path = SuperViewController;
			sourceTree = "<group>";
		};
		0E311C62209D8FE1008F7DD1 /* Utility */ = {
			isa = PBXGroup;
			children = (
				0E311C63209D8FE1008F7DD1 /* AppUtils.swift */,
				0E311C64209D8FE1008F7DD1 /* Constants.swift */,
			);
			path = Utility;
			sourceTree = "<group>";
		};
		0E311C89209DBB65008F7DD1 /* VenueDetail */ = {
			isa = PBXGroup;
			children = (
				0E311C8A209DBB74008F7DD1 /* VenueDetail.swift */,
			);
			path = VenueDetail;
			sourceTree = "<group>";
		};
		0E6B100A20ADF250007F3EFA /* Search */ = {
			isa = PBXGroup;
			children = (
				0E6B100B20ADF250007F3EFA /* Search.swift */,
			);
			path = Search;
			sourceTree = "<group>";
		};
		0E735F3D20CBDC84006D2DC9 /* CardInformation */ = {
			isa = PBXGroup;
			children = (
				0E735F3E20CBDC84006D2DC9 /* CardInformation.swift */,
			);
			path = CardInformation;
			sourceTree = "<group>";
		};
		0ECA5FB1209CA7410034AE81 = {
			isa = PBXGroup;
			children = (
				0ECA5FBC209CA7410034AE81 /* OrderFood */,
				0ECA5FD1209CA7410034AE81 /* OrderFoodTests */,
				0ECA5FDC209CA7410034AE81 /* OrderFoodUITests */,
				0ECA5FBB209CA7410034AE81 /* Products */,
				C09A70064EDDE437351D50F6 /* Pods */,
				1CA90D51FDD024C19BC5884E /* Frameworks */,
			);
			sourceTree = "<group>";
		};
		0ECA5FBB209CA7410034AE81 /* Products */ = {
			isa = PBXGroup;
			children = (
				0ECA5FBA209CA7410034AE81 /* OrderFood.app */,
				0ECA5FCE209CA7410034AE81 /* OrderFoodTests.xctest */,
				0ECA5FD9209CA7410034AE81 /* OrderFoodUITests.xctest */,
			);
			name = Products;
			sourceTree = "<group>";
		};
		0ECA5FBC209CA7410034AE81 /* OrderFood */ = {
			isa = PBXGroup;
			children = (
				0ECA5FBD209CA7410034AE81 /* AppDelegate.swift */,
				0ECA5FC1209CA7410034AE81 /* Main.storyboard */,
				0ECA5FC4209CA7410034AE81 /* Assets.xcassets */,
				0ECA5FC6209CA7410034AE81 /* LaunchScreen.storyboard */,
				0ECA5FC9209CA7410034AE81 /* Info.plist */,
				2A9CB47920C00FAA00B749AD /* OrderFood_Bridging_Header.h */,
				0E311C4F209D8FE1008F7DD1 /* CustomClasses */,
				0E311C52209D8FE1008F7DD1 /* AppResources */,
				2A9CB45520C00F4900B749AD /* ModelManager */,
				2A9CB42F20C00F4900B749AD /* ThirdParty */,
				0E311C62209D8FE1008F7DD1 /* Utility */,
				0E311C57209D8FE1008F7DD1 /* ViewController */,
			);
			path = OrderFood;
			sourceTree = "<group>";
		};
		0ECA5FD1209CA7410034AE81 /* OrderFoodTests */ = {
			isa = PBXGroup;
			children = (
				0ECA5FD2209CA7410034AE81 /* OrderFoodTests.swift */,
				0ECA5FD4209CA7410034AE81 /* Info.plist */,
			);
			path = OrderFoodTests;
			sourceTree = "<group>";
		};
		0ECA5FDC209CA7410034AE81 /* OrderFoodUITests */ = {
			isa = PBXGroup;
			children = (
				0ECA5FDD209CA7410034AE81 /* OrderFoodUITests.swift */,
				0ECA5FDF209CA7410034AE81 /* Info.plist */,
			);
			path = OrderFoodUITests;
			sourceTree = "<group>";
		};
		1CA90D51FDD024C19BC5884E /* Frameworks */ = {
			isa = PBXGroup;
			children = (
				1F757BEDC2925B660A2405CE /* Pods_OrderFood.framework */,
				DEDFE6774D0BD07827899BC1 /* Pods_OrderFoodTests.framework */,
				E48C80487B6966BA787AFFED /* Pods_OrderFoodUITests.framework */,
			);
			name = Frameworks;
			sourceTree = "<group>";
		};
		2A648D9E20C13C2F0059E75B /* CartHandler */ = {
			isa = PBXGroup;
			children = (
				2A648D9F20C13C2F0059E75B /* Cart.swift */,
			);
			path = CartHandler;
			sourceTree = "<group>";
		};
		2A9CB42F20C00F4900B749AD /* ThirdParty */ = {
			isa = PBXGroup;
			children = (
				2A9CB43020C00F4900B749AD /* MBProgressHUD */,
				2A9CB43320C00F4900B749AD /* SDWebImage */,
			);
			path = ThirdParty;
			sourceTree = "<group>";
		};
		2A9CB43020C00F4900B749AD /* MBProgressHUD */ = {
			isa = PBXGroup;
			children = (
				2A9CB43120C00F4900B749AD /* MBProgressHUD.h */,
				2A9CB43220C00F4900B749AD /* MBProgressHUD.m */,
			);
			path = MBProgressHUD;
			sourceTree = "<group>";
		};
		2A9CB43320C00F4900B749AD /* SDWebImage */ = {
			isa = PBXGroup;
			children = (
				2A9CB43420C00F4900B749AD /* MKAnnotationView+WebCache.h */,
				2A9CB43520C00F4900B749AD /* MKAnnotationView+WebCache.m */,
				2A9CB43620C00F4900B749AD /* NSData+ImageContentType.h */,
				2A9CB43720C00F4900B749AD /* NSData+ImageContentType.m */,
				2A9CB43820C00F4900B749AD /* SDImageCache.h */,
				2A9CB43920C00F4900B749AD /* SDImageCache.m */,
				2A9CB43A20C00F4900B749AD /* SDWebImageCompat.h */,
				2A9CB43B20C00F4900B749AD /* SDWebImageCompat.m */,
				2A9CB43C20C00F4900B749AD /* SDWebImageDecoder.h */,
				2A9CB43D20C00F4900B749AD /* SDWebImageDecoder.m */,
				2A9CB43E20C00F4900B749AD /* SDWebImageDownloader.h */,
				2A9CB43F20C00F4900B749AD /* SDWebImageDownloader.m */,
				2A9CB44020C00F4900B749AD /* SDWebImageDownloaderOperation.h */,
				2A9CB44120C00F4900B749AD /* SDWebImageDownloaderOperation.m */,
				2A9CB44220C00F4900B749AD /* SDWebImageManager.h */,
				2A9CB44320C00F4900B749AD /* SDWebImageManager.m */,
				2A9CB44420C00F4900B749AD /* SDWebImageOperation.h */,
				2A9CB44520C00F4900B749AD /* SDWebImagePrefetcher.h */,
				2A9CB44620C00F4900B749AD /* SDWebImagePrefetcher.m */,
				2A9CB44720C00F4900B749AD /* UIButton+WebCache.h */,
				2A9CB44820C00F4900B749AD /* UIButton+WebCache.m */,
				2A9CB44920C00F4900B749AD /* UIImage+GIF.h */,
				2A9CB44A20C00F4900B749AD /* UIImage+GIF.m */,
				2A9CB44B20C00F4900B749AD /* UIImage+MultiFormat.h */,
				2A9CB44C20C00F4900B749AD /* UIImage+MultiFormat.m */,
				2A9CB44D20C00F4900B749AD /* UIImage+WebP.h */,
				2A9CB44E20C00F4900B749AD /* UIImage+WebP.m */,
				2A9CB44F20C00F4900B749AD /* UIImageView+HighlightedWebCache.h */,
				2A9CB45020C00F4900B749AD /* UIImageView+HighlightedWebCache.m */,
				2A9CB45120C00F4900B749AD /* UIImageView+WebCache.h */,
				2A9CB45220C00F4900B749AD /* UIImageView+WebCache.m */,
				2A9CB45320C00F4900B749AD /* UIView+WebCacheOperation.h */,
				2A9CB45420C00F4900B749AD /* UIView+WebCacheOperation.m */,
			);
			path = SDWebImage;
			sourceTree = "<group>";
		};
		2A9CB45520C00F4900B749AD /* ModelManager */ = {
			isa = PBXGroup;
			children = (
				2A648D9E20C13C2F0059E75B /* CartHandler */,
				2A9CB45620C00F4900B749AD /* ServiceHandler */,
				2A9CB45A20C00F4900B749AD /* WebserviceModels */,
			);
			path = ModelManager;
			sourceTree = "<group>";
		};
		2A9CB45620C00F4900B749AD /* ServiceHandler */ = {
			isa = PBXGroup;
			children = (
				2A9CB45720C00F4900B749AD /* HeaderClass.swift */,
				2A9CB45820C00F4900B749AD /* WebSerivceManager.swift */,
				2A9CB45920C00F4900B749AD /* WebServiceReponse.swift */,
			);
			path = ServiceHandler;
			sourceTree = "<group>";
		};
		2A9CB45A20C00F4900B749AD /* WebserviceModels */ = {
			isa = PBXGroup;
			children = (
				2A9CB45D20C00F4900B749AD /* CityModel.swift */,
				2A9CB45F20C00F4900B749AD /* Category.swift */,
				2A648DA120C15B430059E75B /* Item.swift */,
				0E2B3E5320C3D6220087ECA6 /* SearchItem.swift */,
			);
			path = WebserviceModels;
			sourceTree = "<group>";
		};
		2ABB1B2D20A172F10097B596 /* Checkout */ = {
			isa = PBXGroup;
			children = (
				2ABB1B2E20A172F10097B596 /* Checkout.swift */,
			);
			path = Checkout;
			sourceTree = "<group>";
		};
		2ABB1B3220A174470097B596 /* MyCart */ = {
			isa = PBXGroup;
			children = (
				2ABB1B3320A174470097B596 /* MyCart.swift */,
				2AC9CB0920AC6537005AD6A9 /* CellMyCart.swift */,
			);
			path = MyCart;
			sourceTree = "<group>";
		};
		2AC9CB0820AC5EFC005AD6A9 /* Document */ = {
			isa = PBXGroup;
			children = (
			);
			path = Document;
			sourceTree = "<group>";
		};
		C09A70064EDDE437351D50F6 /* Pods */ = {
			isa = PBXGroup;
			children = (
				EC2906ADEAC089CB47FF1A0C /* Pods-OrderFood.debug.xcconfig */,
				FBEBD74F8E32EC6B68EC7FF9 /* Pods-OrderFood.release.xcconfig */,
				984C93AE2F70E9350803795A /* Pods-OrderFoodTests.debug.xcconfig */,
				5D42B0994F70F8D9683B34EB /* Pods-OrderFoodTests.release.xcconfig */,
				A4E40B2690D58829964133C3 /* Pods-OrderFoodUITests.debug.xcconfig */,
				D457E9DFF1758DDAAAAC158F /* Pods-OrderFoodUITests.release.xcconfig */,
			);
			name = Pods;
			sourceTree = "<group>";
		};
/* End PBXGroup section */

/* Begin PBXNativeTarget section */
		0ECA5FB9209CA7410034AE81 /* OrderFood */ = {
			isa = PBXNativeTarget;
			buildConfigurationList = 0ECA5FE2209CA7410034AE81 /* Build configuration list for PBXNativeTarget "OrderFood" */;
			buildPhases = (
				73BFE073863AFD3DA8A8AE69 /* [CP] Check Pods Manifest.lock */,
				0ECA5FB6209CA7410034AE81 /* Sources */,
				0ECA5FB7209CA7410034AE81 /* Frameworks */,
				0ECA5FB8209CA7410034AE81 /* Resources */,
				46D1559C7725653DA4D919D7 /* [CP] Embed Pods Frameworks */,
				2A9CB47A20C015B300B749AD /* ShellScript */,
			);
			buildRules = (
			);
			dependencies = (
			);
			name = OrderFood;
			productName = OrderFood;
			productReference = 0ECA5FBA209CA7410034AE81 /* OrderFood.app */;
			productType = "com.apple.product-type.application";
		};
		0ECA5FCD209CA7410034AE81 /* OrderFoodTests */ = {
			isa = PBXNativeTarget;
			buildConfigurationList = 0ECA5FE5209CA7410034AE81 /* Build configuration list for PBXNativeTarget "OrderFoodTests" */;
			buildPhases = (
				CCA59995CFC574CBEA2A3B68 /* [CP] Check Pods Manifest.lock */,
				0ECA5FCA209CA7410034AE81 /* Sources */,
				0ECA5FCB209CA7410034AE81 /* Frameworks */,
				0ECA5FCC209CA7410034AE81 /* Resources */,
			);
			buildRules = (
			);
			dependencies = (
				0ECA5FD0209CA7410034AE81 /* PBXTargetDependency */,
			);
			name = OrderFoodTests;
			productName = OrderFoodTests;
			productReference = 0ECA5FCE209CA7410034AE81 /* OrderFoodTests.xctest */;
			productType = "com.apple.product-type.bundle.unit-test";
		};
		0ECA5FD8209CA7410034AE81 /* OrderFoodUITests */ = {
			isa = PBXNativeTarget;
			buildConfigurationList = 0ECA5FE8209CA7410034AE81 /* Build configuration list for PBXNativeTarget "OrderFoodUITests" */;
			buildPhases = (
				2A77A21C6135016C4BF5C7AC /* [CP] Check Pods Manifest.lock */,
				0ECA5FD5209CA7410034AE81 /* Sources */,
				0ECA5FD6209CA7410034AE81 /* Frameworks */,
				0ECA5FD7209CA7410034AE81 /* Resources */,
			);
			buildRules = (
			);
			dependencies = (
				0ECA5FDB209CA7410034AE81 /* PBXTargetDependency */,
			);
			name = OrderFoodUITests;
			productName = OrderFoodUITests;
			productReference = 0ECA5FD9209CA7410034AE81 /* OrderFoodUITests.xctest */;
			productType = "com.apple.product-type.bundle.ui-testing";
		};
/* End PBXNativeTarget section */

/* Begin PBXProject section */
		0ECA5FB2209CA7410034AE81 /* Project object */ = {
			isa = PBXProject;
			attributes = {
				LastSwiftUpdateCheck = 0830;
				LastUpgradeCheck = 0830;
				ORGANIZATIONNAME = MeHuLa;
				TargetAttributes = {
					0ECA5FB9209CA7410034AE81 = {
						CreatedOnToolsVersion = 8.3.3;
						DevelopmentTeam = JEDFVGAD9T;
						LastSwiftMigration = 0830;
						ProvisioningStyle = Manual;
					};
					0ECA5FCD209CA7410034AE81 = {
						CreatedOnToolsVersion = 8.3.3;
						DevelopmentTeam = JEDFVGAD9T;
						LastSwiftMigration = 0830;
						ProvisioningStyle = Automatic;
						TestTargetID = 0ECA5FB9209CA7410034AE81;
					};
					0ECA5FD8209CA7410034AE81 = {
						CreatedOnToolsVersion = 8.3.3;
						DevelopmentTeam = JEDFVGAD9T;
						LastSwiftMigration = 0830;
						ProvisioningStyle = Automatic;
						TestTargetID = 0ECA5FB9209CA7410034AE81;
					};
				};
			};
			buildConfigurationList = 0ECA5FB5209CA7410034AE81 /* Build configuration list for PBXProject "OrderFood" */;
			compatibilityVersion = "Xcode 3.2";
			developmentRegion = English;
			hasScannedForEncodings = 0;
			knownRegions = (
				en,
				Base,
			);
			mainGroup = 0ECA5FB1209CA7410034AE81;
			productRefGroup = 0ECA5FBB209CA7410034AE81 /* Products */;
			projectDirPath = "";
			projectRoot = "";
			targets = (
				0ECA5FB9209CA7410034AE81 /* OrderFood */,
				0ECA5FCD209CA7410034AE81 /* OrderFoodTests */,
				0ECA5FD8209CA7410034AE81 /* OrderFoodUITests */,
			);
		};
/* End PBXProject section */

/* Begin PBXResourcesBuildPhase section */
		0ECA5FB8209CA7410034AE81 /* Resources */ = {
			isa = PBXResourcesBuildPhase;
			buildActionMask = 2147483647;
			files = (
				0E311C85209DB15E008F7DD1 /* Roboto-Thin.ttf in Resources */,
				0E311C82209DB15E008F7DD1 /* Roboto-Medium.ttf in Resources */,
				0E311C7E209DB15E008F7DD1 /* Roboto-BoldItalic.ttf in Resources */,
				0E311C66209D8FE1008F7DD1 /* CellItem.xib in Resources */,
				0E311C81209DB15E008F7DD1 /* Roboto-LightItalic.ttf in Resources */,
				0E311C83209DB15E008F7DD1 /* Roboto-MediumItalic.ttf in Resources */,
				0ECA5FC8209CA7410034AE81 /* LaunchScreen.storyboard in Resources */,
				2ABB1B2A20A16CB00097B596 /* FunAsia.jpg in Resources */,
				0E311C80209DB15E008F7DD1 /* Roboto-Light.ttf in Resources */,
				0E311C67209D8FE1008F7DD1 /* FoodItem.png in Resources */,
				0E311C7C209DB15E008F7DD1 /* Roboto-BlackItalic.ttf in Resources */,
				0E311C86209DB15E008F7DD1 /* Roboto-ThinItalic.ttf in Resources */,
				0ECA5FC5209CA7410034AE81 /* Assets.xcassets in Resources */,
				0ECA5FC3209CA7410034AE81 /* Main.storyboard in Resources */,
				0E311C7F209DB15E008F7DD1 /* Roboto-Italic.ttf in Resources */,
				0E311C84209DB15E008F7DD1 /* Roboto-Regular.ttf in Resources */,
				0E311C7D209DB15E008F7DD1 /* Roboto-Bold.ttf in Resources */,
				0E311C7B209DB15E008F7DD1 /* Roboto-Black.ttf in Resources */,
			);
			runOnlyForDeploymentPostprocessing = 0;
		};
		0ECA5FCC209CA7410034AE81 /* Resources */ = {
			isa = PBXResourcesBuildPhase;
			buildActionMask = 2147483647;
			files = (
			);
			runOnlyForDeploymentPostprocessing = 0;
		};
		0ECA5FD7209CA7410034AE81 /* Resources */ = {
			isa = PBXResourcesBuildPhase;
			buildActionMask = 2147483647;
			files = (
			);
			runOnlyForDeploymentPostprocessing = 0;
		};
/* End PBXResourcesBuildPhase section */

/* Begin PBXShellScriptBuildPhase section */
		2A77A21C6135016C4BF5C7AC /* [CP] Check Pods Manifest.lock */ = {
			isa = PBXShellScriptBuildPhase;
			buildActionMask = 2147483647;
			files = (
			);
			inputPaths = (
				"${PODS_PODFILE_DIR_PATH}/Podfile.lock",
				"${PODS_ROOT}/Manifest.lock",
			);
			name = "[CP] Check Pods Manifest.lock";
			outputPaths = (
				"$(DERIVED_FILE_DIR)/Pods-OrderFoodUITests-checkManifestLockResult.txt",
			);
			runOnlyForDeploymentPostprocessing = 0;
			shellPath = /bin/sh;
			shellScript = "diff \"${PODS_PODFILE_DIR_PATH}/Podfile.lock\" \"${PODS_ROOT}/Manifest.lock\" > /dev/null\nif [ $? != 0 ] ; then\n    # print error to STDERR\n    echo \"error: The sandbox is not in sync with the Podfile.lock. Run 'pod install' or update your CocoaPods installation.\" >&2\n    exit 1\nfi\n# This output is used by Xcode 'outputs' to avoid re-running this script phase.\necho \"SUCCESS\" > \"${SCRIPT_OUTPUT_FILE_0}\"\n";
			showEnvVarsInLog = 0;
		};
		2A9CB47A20C015B300B749AD /* ShellScript */ = {
			isa = PBXShellScriptBuildPhase;
			buildActionMask = 2147483647;
			files = (
			);
			inputPaths = (
			);
			outputPaths = (
			);
			runOnlyForDeploymentPostprocessing = 0;
			shellPath = /bin/sh;
			shellScript = "\"${PODS_ROOT}/Fabric/run\" 1df032e07bde55ae92ac68cafa27574ba48ef083 87a3ef54da31614abbdb616a760f1950daf5f4f7c4b3fd219d7ca54715770a0a";
		};
		46D1559C7725653DA4D919D7 /* [CP] Embed Pods Frameworks */ = {
			isa = PBXShellScriptBuildPhase;
			buildActionMask = 2147483647;
			files = (
			);
			inputPaths = (
				"${SRCROOT}/Pods/Target Support Files/Pods-OrderFood/Pods-OrderFood-frameworks.sh",
				"${BUILT_PRODUCTS_DIR}/ActionSheetPicker-3.0/ActionSheetPicker_3_0.framework",
				"${BUILT_PRODUCTS_DIR}/Alamofire/Alamofire.framework",
				"${BUILT_PRODUCTS_DIR}/ObjectMapper/ObjectMapper.framework",
				"${BUILT_PRODUCTS_DIR}/Parchment/Parchment.framework",
				"${BUILT_PRODUCTS_DIR}/SwiftyJSON/SwiftyJSON.framework",
			);
			name = "[CP] Embed Pods Frameworks";
			outputPaths = (
				"${TARGET_BUILD_DIR}/${FRAMEWORKS_FOLDER_PATH}/ActionSheetPicker_3_0.framework",
				"${TARGET_BUILD_DIR}/${FRAMEWORKS_FOLDER_PATH}/Alamofire.framework",
				"${TARGET_BUILD_DIR}/${FRAMEWORKS_FOLDER_PATH}/ObjectMapper.framework",
				"${TARGET_BUILD_DIR}/${FRAMEWORKS_FOLDER_PATH}/Parchment.framework",
				"${TARGET_BUILD_DIR}/${FRAMEWORKS_FOLDER_PATH}/SwiftyJSON.framework",
			);
			runOnlyForDeploymentPostprocessing = 0;
			shellPath = /bin/sh;
			shellScript = "\"${SRCROOT}/Pods/Target Support Files/Pods-OrderFood/Pods-OrderFood-frameworks.sh\"\n";
			showEnvVarsInLog = 0;
		};
		73BFE073863AFD3DA8A8AE69 /* [CP] Check Pods Manifest.lock */ = {
			isa = PBXShellScriptBuildPhase;
			buildActionMask = 2147483647;
			files = (
			);
			inputPaths = (
				"${PODS_PODFILE_DIR_PATH}/Podfile.lock",
				"${PODS_ROOT}/Manifest.lock",
			);
			name = "[CP] Check Pods Manifest.lock";
			outputPaths = (
				"$(DERIVED_FILE_DIR)/Pods-OrderFood-checkManifestLockResult.txt",
			);
			runOnlyForDeploymentPostprocessing = 0;
			shellPath = /bin/sh;
			shellScript = "diff \"${PODS_PODFILE_DIR_PATH}/Podfile.lock\" \"${PODS_ROOT}/Manifest.lock\" > /dev/null\nif [ $? != 0 ] ; then\n    # print error to STDERR\n    echo \"error: The sandbox is not in sync with the Podfile.lock. Run 'pod install' or update your CocoaPods installation.\" >&2\n    exit 1\nfi\n# This output is used by Xcode 'outputs' to avoid re-running this script phase.\necho \"SUCCESS\" > \"${SCRIPT_OUTPUT_FILE_0}\"\n";
			showEnvVarsInLog = 0;
		};
		CCA59995CFC574CBEA2A3B68 /* [CP] Check Pods Manifest.lock */ = {
			isa = PBXShellScriptBuildPhase;
			buildActionMask = 2147483647;
			files = (
			);
			inputPaths = (
				"${PODS_PODFILE_DIR_PATH}/Podfile.lock",
				"${PODS_ROOT}/Manifest.lock",
			);
			name = "[CP] Check Pods Manifest.lock";
			outputPaths = (
				"$(DERIVED_FILE_DIR)/Pods-OrderFoodTests-checkManifestLockResult.txt",
			);
			runOnlyForDeploymentPostprocessing = 0;
			shellPath = /bin/sh;
			shellScript = "diff \"${PODS_PODFILE_DIR_PATH}/Podfile.lock\" \"${PODS_ROOT}/Manifest.lock\" > /dev/null\nif [ $? != 0 ] ; then\n    # print error to STDERR\n    echo \"error: The sandbox is not in sync with the Podfile.lock. Run 'pod install' or update your CocoaPods installation.\" >&2\n    exit 1\nfi\n# This output is used by Xcode 'outputs' to avoid re-running this script phase.\necho \"SUCCESS\" > \"${SCRIPT_OUTPUT_FILE_0}\"\n";
			showEnvVarsInLog = 0;
		};
/* End PBXShellScriptBuildPhase section */

/* Begin PBXSourcesBuildPhase section */
		0ECA5FB6209CA7410034AE81 /* Sources */ = {
			isa = PBXSourcesBuildPhase;
			buildActionMask = 2147483647;
			files = (
				2A9CB46620C00F4900B749AD /* SDWebImageDownloader.m in Sources */,
				0E311C6A209D8FE1008F7DD1 /* Home.swift in Sources */,
				2AC9CB0A20AC6537005AD6A9 /* CellMyCart.swift in Sources */,
				2A9CB46920C00F4900B749AD /* SDWebImagePrefetcher.m in Sources */,
				2A9CB47020C00F4900B749AD /* UIView+WebCacheOperation.m in Sources */,
				0E311C65209D8FE1008F7DD1 /* CellItem.swift in Sources */,
				0E311C6B209D8FE1008F7DD1 /* LandingPage.swift in Sources */,
				2A9CB46C20C00F4900B749AD /* UIImage+MultiFormat.m in Sources */,
				2A9CB46D20C00F4900B749AD /* UIImage+WebP.m in Sources */,
				0E0E69D920B346C100D98723 /* OrderConfirmation.swift in Sources */,
				0E311C6D209D8FE1008F7DD1 /* AppUtils.swift in Sources */,
				2A9CB46F20C00F4900B749AD /* UIImageView+WebCache.m in Sources */,
				0E0E69DB20B347B100D98723 /* CellOrder.swift in Sources */,
				2A9CB47320C00F4900B749AD /* WebServiceReponse.swift in Sources */,
				2A9CB46020C00F4900B749AD /* MBProgressHUD.m in Sources */,
				0E311C68209D8FE1008F7DD1 /* CategoryViewController.swift in Sources */,
				2A9CB47120C00F4900B749AD /* HeaderClass.swift in Sources */,
				2A9CB47620C00F4900B749AD /* CityModel.swift in Sources */,
				0ECA5FBE209CA7410034AE81 /* AppDelegate.swift in Sources */,
				0E311C8B209DBB74008F7DD1 /* VenueDetail.swift in Sources */,
				0E735F3F20CBDC85006D2DC9 /* CardInformation.swift in Sources */,
				2A648DA220C15B430059E75B /* Item.swift in Sources */,
				0E311C6C209D8FE1008F7DD1 /* SuperViewController.swift in Sources */,
				0E311C69209D8FE1008F7DD1 /* UIView+constraints.swift in Sources */,
				0E2B3E5420C3D6220087ECA6 /* SearchItem.swift in Sources */,
				2A9CB46220C00F4900B749AD /* NSData+ImageContentType.m in Sources */,
				0E311C6E209D8FE1008F7DD1 /* Constants.swift in Sources */,
				2ABB1B2F20A172F10097B596 /* Checkout.swift in Sources */,
				2A9CB46820C00F4900B749AD /* SDWebImageManager.m in Sources */,
				2A9CB46520C00F4900B749AD /* SDWebImageDecoder.m in Sources */,
				2A9CB46720C00F4900B749AD /* SDWebImageDownloaderOperation.m in Sources */,
				2ABB1B3420A174470097B596 /* MyCart.swift in Sources */,
				0E6B100C20ADF250007F3EFA /* Search.swift in Sources */,
				2A648DA020C13C300059E75B /* Cart.swift in Sources */,
				2A9CB46120C00F4900B749AD /* MKAnnotationView+WebCache.m in Sources */,
				2A9CB46420C00F4900B749AD /* SDWebImageCompat.m in Sources */,
				2A9CB47220C00F4900B749AD /* WebSerivceManager.swift in Sources */,
				2A9CB46A20C00F4900B749AD /* UIButton+WebCache.m in Sources */,
				2A9CB47820C00F4900B749AD /* Category.swift in Sources */,
				2A9CB46E20C00F4900B749AD /* UIImageView+HighlightedWebCache.m in Sources */,
				2A9CB46B20C00F4900B749AD /* UIImage+GIF.m in Sources */,
				2A9CB46320C00F4900B749AD /* SDImageCache.m in Sources */,
			);
			runOnlyForDeploymentPostprocessing = 0;
		};
		0ECA5FCA209CA7410034AE81 /* Sources */ = {
			isa = PBXSourcesBuildPhase;
			buildActionMask = 2147483647;
			files = (
				0ECA5FD3209CA7410034AE81 /* OrderFoodTests.swift in Sources */,
			);
			runOnlyForDeploymentPostprocessing = 0;
		};
		0ECA5FD5209CA7410034AE81 /* Sources */ = {
			isa = PBXSourcesBuildPhase;
			buildActionMask = 2147483647;
			files = (
				0ECA5FDE209CA7410034AE81 /* OrderFoodUITests.swift in Sources */,
			);
			runOnlyForDeploymentPostprocessing = 0;
		};
/* End PBXSourcesBuildPhase section */

/* Begin PBXTargetDependency section */
		0ECA5FD0209CA7410034AE81 /* PBXTargetDependency */ = {
			isa = PBXTargetDependency;
			target = 0ECA5FB9209CA7410034AE81 /* OrderFood */;
			targetProxy = 0ECA5FCF209CA7410034AE81 /* PBXContainerItemProxy */;
		};
		0ECA5FDB209CA7410034AE81 /* PBXTargetDependency */ = {
			isa = PBXTargetDependency;
			target = 0ECA5FB9209CA7410034AE81 /* OrderFood */;
			targetProxy = 0ECA5FDA209CA7410034AE81 /* PBXContainerItemProxy */;
		};
/* End PBXTargetDependency section */

/* Begin PBXVariantGroup section */
		0ECA5FC1209CA7410034AE81 /* Main.storyboard */ = {
			isa = PBXVariantGroup;
			children = (
				0ECA5FC2209CA7410034AE81 /* Base */,
			);
			name = Main.storyboard;
			sourceTree = "<group>";
		};
		0ECA5FC6209CA7410034AE81 /* LaunchScreen.storyboard */ = {
			isa = PBXVariantGroup;
			children = (
				0ECA5FC7209CA7410034AE81 /* Base */,
			);
			name = LaunchScreen.storyboard;
			sourceTree = "<group>";
		};
/* End PBXVariantGroup section */

/* Begin XCBuildConfiguration section */
		0ECA5FE0209CA7410034AE81 /* Debug */ = {
			isa = XCBuildConfiguration;
			buildSettings = {
				ALWAYS_SEARCH_USER_PATHS = NO;
				CLANG_ANALYZER_NONNULL = YES;
				CLANG_ANALYZER_NUMBER_OBJECT_CONVERSION = YES_AGGRESSIVE;
				CLANG_CXX_LANGUAGE_STANDARD = "gnu++0x";
				CLANG_CXX_LIBRARY = "libc++";
				CLANG_ENABLE_MODULES = YES;
				CLANG_ENABLE_OBJC_ARC = YES;
				CLANG_WARN_BOOL_CONVERSION = YES;
				CLANG_WARN_CONSTANT_CONVERSION = YES;
				CLANG_WARN_DIRECT_OBJC_ISA_USAGE = YES_ERROR;
				CLANG_WARN_DOCUMENTATION_COMMENTS = YES;
				CLANG_WARN_EMPTY_BODY = YES;
				CLANG_WARN_ENUM_CONVERSION = YES;
				CLANG_WARN_INFINITE_RECURSION = YES;
				CLANG_WARN_INT_CONVERSION = YES;
				CLANG_WARN_OBJC_ROOT_CLASS = YES_ERROR;
				CLANG_WARN_SUSPICIOUS_MOVE = YES;
				CLANG_WARN_UNREACHABLE_CODE = YES;
				CLANG_WARN__DUPLICATE_METHOD_MATCH = YES;
				CODE_SIGN_IDENTITY = "iPhone Developer: MehulS Solanki (2U28KPSZDV)";
				"CODE_SIGN_IDENTITY[sdk=iphoneos*]" = "iPhone Developer: MehulS Solanki (2U28KPSZDV)";
				COPY_PHASE_STRIP = NO;
				DEBUG_INFORMATION_FORMAT = dwarf;
				DEVELOPMENT_TEAM = JEDFVGAD9T;
				ENABLE_STRICT_OBJC_MSGSEND = YES;
				ENABLE_TESTABILITY = YES;
				GCC_C_LANGUAGE_STANDARD = gnu99;
				GCC_DYNAMIC_NO_PIC = NO;
				GCC_NO_COMMON_BLOCKS = YES;
				GCC_OPTIMIZATION_LEVEL = 0;
				GCC_PREPROCESSOR_DEFINITIONS = (
					"DEBUG=1",
					"$(inherited)",
				);
				GCC_WARN_64_TO_32_BIT_CONVERSION = YES;
				GCC_WARN_ABOUT_RETURN_TYPE = YES_ERROR;
				GCC_WARN_UNDECLARED_SELECTOR = YES;
				GCC_WARN_UNINITIALIZED_AUTOS = YES_AGGRESSIVE;
				GCC_WARN_UNUSED_FUNCTION = YES;
				GCC_WARN_UNUSED_VARIABLE = YES;
				IPHONEOS_DEPLOYMENT_TARGET = 10.0;
				MTL_ENABLE_DEBUG_INFO = YES;
				ONLY_ACTIVE_ARCH = YES;
				PROVISIONING_PROFILE = "8fdc165f-02cd-4252-812b-8d2c845d9a4a";
				SDKROOT = iphoneos;
				SWIFT_ACTIVE_COMPILATION_CONDITIONS = DEBUG;
				SWIFT_OPTIMIZATION_LEVEL = "-Onone";
			};
			name = Debug;
		};
		0ECA5FE1209CA7410034AE81 /* Release */ = {
			isa = XCBuildConfiguration;
			buildSettings = {
				ALWAYS_SEARCH_USER_PATHS = NO;
				CLANG_ANALYZER_NONNULL = YES;
				CLANG_ANALYZER_NUMBER_OBJECT_CONVERSION = YES_AGGRESSIVE;
				CLANG_CXX_LANGUAGE_STANDARD = "gnu++0x";
				CLANG_CXX_LIBRARY = "libc++";
				CLANG_ENABLE_MODULES = YES;
				CLANG_ENABLE_OBJC_ARC = YES;
				CLANG_WARN_BOOL_CONVERSION = YES;
				CLANG_WARN_CONSTANT_CONVERSION = YES;
				CLANG_WARN_DIRECT_OBJC_ISA_USAGE = YES_ERROR;
				CLANG_WARN_DOCUMENTATION_COMMENTS = YES;
				CLANG_WARN_EMPTY_BODY = YES;
				CLANG_WARN_ENUM_CONVERSION = YES;
				CLANG_WARN_INFINITE_RECURSION = YES;
				CLANG_WARN_INT_CONVERSION = YES;
				CLANG_WARN_OBJC_ROOT_CLASS = YES_ERROR;
				CLANG_WARN_SUSPICIOUS_MOVE = YES;
				CLANG_WARN_UNREACHABLE_CODE = YES;
				CLANG_WARN__DUPLICATE_METHOD_MATCH = YES;
				CODE_SIGN_IDENTITY = "iPhone Developer: MehulS Solanki (2U28KPSZDV)";
				"CODE_SIGN_IDENTITY[sdk=iphoneos*]" = "iPhone Developer: MehulS Solanki (2U28KPSZDV)";
				COPY_PHASE_STRIP = NO;
				DEBUG_INFORMATION_FORMAT = "dwarf-with-dsym";
				DEVELOPMENT_TEAM = JEDFVGAD9T;
				ENABLE_NS_ASSERTIONS = NO;
				ENABLE_STRICT_OBJC_MSGSEND = YES;
				GCC_C_LANGUAGE_STANDARD = gnu99;
				GCC_NO_COMMON_BLOCKS = YES;
				GCC_WARN_64_TO_32_BIT_CONVERSION = YES;
				GCC_WARN_ABOUT_RETURN_TYPE = YES_ERROR;
				GCC_WARN_UNDECLARED_SELECTOR = YES;
				GCC_WARN_UNINITIALIZED_AUTOS = YES_AGGRESSIVE;
				GCC_WARN_UNUSED_FUNCTION = YES;
				GCC_WARN_UNUSED_VARIABLE = YES;
				IPHONEOS_DEPLOYMENT_TARGET = 10.0;
				MTL_ENABLE_DEBUG_INFO = NO;
				PROVISIONING_PROFILE = "8fdc165f-02cd-4252-812b-8d2c845d9a4a";
				SDKROOT = iphoneos;
				SWIFT_OPTIMIZATION_LEVEL = "-Owholemodule";
				VALIDATE_PRODUCT = YES;
			};
			name = Release;
		};
		0ECA5FE3209CA7410034AE81 /* Debug */ = {
			isa = XCBuildConfiguration;
			baseConfigurationReference = EC2906ADEAC089CB47FF1A0C /* Pods-OrderFood.debug.xcconfig */;
			buildSettings = {
				ASSETCATALOG_COMPILER_APPICON_NAME = AppIcon;
				CODE_SIGN_IDENTITY = "iPhone Developer: MehulS Solanki (2U28KPSZDV)";
				DEVELOPMENT_TEAM = JEDFVGAD9T;
				INFOPLIST_FILE = OrderFood/Info.plist;
				IPHONEOS_DEPLOYMENT_TARGET = 10.0;
				LD_RUNPATH_SEARCH_PATHS = "$(inherited) @executable_path/Frameworks";
				PRODUCT_BUNDLE_IDENTIFIER = mobapp.at.foodandbeverage;
				PRODUCT_NAME = "$(TARGET_NAME)";
				PROVISIONING_PROFILE = "8fdc165f-02cd-4252-812b-8d2c845d9a4a";
				PROVISIONING_PROFILE_SPECIFIER = "Food and Beverage Development";
				SWIFT_OBJC_BRIDGING_HEADER = OrderFood/OrderFood_Bridging_Header.h;
				SWIFT_VERSION = 3.0;
				TARGETED_DEVICE_FAMILY = "1,2";
			};
			name = Debug;
		};
		0ECA5FE4209CA7410034AE81 /* Release */ = {
			isa = XCBuildConfiguration;
			baseConfigurationReference = FBEBD74F8E32EC6B68EC7FF9 /* Pods-OrderFood.release.xcconfig */;
			buildSettings = {
				ASSETCATALOG_COMPILER_APPICON_NAME = AppIcon;
				CODE_SIGN_IDENTITY = "iPhone Developer: MehulS Solanki (2U28KPSZDV)";
				DEVELOPMENT_TEAM = JEDFVGAD9T;
				INFOPLIST_FILE = OrderFood/Info.plist;
				IPHONEOS_DEPLOYMENT_TARGET = 10.0;
				LD_RUNPATH_SEARCH_PATHS = "$(inherited) @executable_path/Frameworks";
				PRODUCT_BUNDLE_IDENTIFIER = mobapp.at.foodandbeverage;
				PRODUCT_NAME = "$(TARGET_NAME)";
				PROVISIONING_PROFILE = "8fdc165f-02cd-4252-812b-8d2c845d9a4a";
				PROVISIONING_PROFILE_SPECIFIER = "Food and Beverage Development";
				SWIFT_OBJC_BRIDGING_HEADER = OrderFood/OrderFood_Bridging_Header.h;
				SWIFT_VERSION = 3.0;
				TARGETED_DEVICE_FAMILY = "1,2";
			};
			name = Release;
		};
		0ECA5FE6209CA7410034AE81 /* Debug */ = {
			isa = XCBuildConfiguration;
			baseConfigurationReference = 984C93AE2F70E9350803795A /* Pods-OrderFoodTests.debug.xcconfig */;
			buildSettings = {
				ALWAYS_EMBED_SWIFT_STANDARD_LIBRARIES = YES;
				BUNDLE_LOADER = "$(TEST_HOST)";
				INFOPLIST_FILE = OrderFoodTests/Info.plist;
				LD_RUNPATH_SEARCH_PATHS = "$(inherited) @executable_path/Frameworks @loader_path/Frameworks";
				PRODUCT_BUNDLE_IDENTIFIER = com.southamptonapp.OrderFoodTests;
				PRODUCT_NAME = "$(TARGET_NAME)";
				SWIFT_VERSION = 3.0;
				TEST_HOST = "$(BUILT_PRODUCTS_DIR)/OrderFood.app/OrderFood";
			};
			name = Debug;
		};
		0ECA5FE7209CA7410034AE81 /* Release */ = {
			isa = XCBuildConfiguration;
			baseConfigurationReference = 5D42B0994F70F8D9683B34EB /* Pods-OrderFoodTests.release.xcconfig */;
			buildSettings = {
				ALWAYS_EMBED_SWIFT_STANDARD_LIBRARIES = YES;
				BUNDLE_LOADER = "$(TEST_HOST)";
				INFOPLIST_FILE = OrderFoodTests/Info.plist;
				LD_RUNPATH_SEARCH_PATHS = "$(inherited) @executable_path/Frameworks @loader_path/Frameworks";
				PRODUCT_BUNDLE_IDENTIFIER = com.southamptonapp.OrderFoodTests;
				PRODUCT_NAME = "$(TARGET_NAME)";
				SWIFT_VERSION = 3.0;
				TEST_HOST = "$(BUILT_PRODUCTS_DIR)/OrderFood.app/OrderFood";
			};
			name = Release;
		};
		0ECA5FE9209CA7410034AE81 /* Debug */ = {
			isa = XCBuildConfiguration;
			baseConfigurationReference = A4E40B2690D58829964133C3 /* Pods-OrderFoodUITests.debug.xcconfig */;
			buildSettings = {
				ALWAYS_EMBED_SWIFT_STANDARD_LIBRARIES = YES;
				INFOPLIST_FILE = OrderFoodUITests/Info.plist;
				LD_RUNPATH_SEARCH_PATHS = "$(inherited) @executable_path/Frameworks @loader_path/Frameworks";
				PRODUCT_BUNDLE_IDENTIFIER = com.southamptonapp.OrderFoodUITests;
				PRODUCT_NAME = "$(TARGET_NAME)";
				SWIFT_VERSION = 3.0;
				TEST_TARGET_NAME = OrderFood;
			};
			name = Debug;
		};
		0ECA5FEA209CA7410034AE81 /* Release */ = {
			isa = XCBuildConfiguration;
			baseConfigurationReference = D457E9DFF1758DDAAAAC158F /* Pods-OrderFoodUITests.release.xcconfig */;
			buildSettings = {
				ALWAYS_EMBED_SWIFT_STANDARD_LIBRARIES = YES;
				INFOPLIST_FILE = OrderFoodUITests/Info.plist;
				LD_RUNPATH_SEARCH_PATHS = "$(inherited) @executable_path/Frameworks @loader_path/Frameworks";
				PRODUCT_BUNDLE_IDENTIFIER = com.southamptonapp.OrderFoodUITests;
				PRODUCT_NAME = "$(TARGET_NAME)";
				SWIFT_VERSION = 3.0;
				TEST_TARGET_NAME = OrderFood;
			};
			name = Release;
		};
/* End XCBuildConfiguration section */

/* Begin XCConfigurationList section */
		0ECA5FB5209CA7410034AE81 /* Build configuration list for PBXProject "OrderFood" */ = {
			isa = XCConfigurationList;
			buildConfigurations = (
				0ECA5FE0209CA7410034AE81 /* Debug */,
				0ECA5FE1209CA7410034AE81 /* Release */,
			);
			defaultConfigurationIsVisible = 0;
			defaultConfigurationName = Release;
		};
		0ECA5FE2209CA7410034AE81 /* Build configuration list for PBXNativeTarget "OrderFood" */ = {
			isa = XCConfigurationList;
			buildConfigurations = (
				0ECA5FE3209CA7410034AE81 /* Debug */,
				0ECA5FE4209CA7410034AE81 /* Release */,
			);
			defaultConfigurationIsVisible = 0;
			defaultConfigurationName = Release;
		};
		0ECA5FE5209CA7410034AE81 /* Build configuration list for PBXNativeTarget "OrderFoodTests" */ = {
			isa = XCConfigurationList;
			buildConfigurations = (
				0ECA5FE6209CA7410034AE81 /* Debug */,
				0ECA5FE7209CA7410034AE81 /* Release */,
			);
			defaultConfigurationIsVisible = 0;
			defaultConfigurationName = Release;
		};
		0ECA5FE8209CA7410034AE81 /* Build configuration list for PBXNativeTarget "OrderFoodUITests" */ = {
			isa = XCConfigurationList;
			buildConfigurations = (
				0ECA5FE9209CA7410034AE81 /* Debug */,
				0ECA5FEA209CA7410034AE81 /* Release */,
			);
			defaultConfigurationIsVisible = 0;
			defaultConfigurationName = Release;
		};
/* End XCConfigurationList section */
	};
	rootObject = 0ECA5FB2209CA7410034AE81 /* Project object */;
}
